
Microsoft Visual Studio Solution File, Format Version 12.00
# Visual Studio Version 17
VisualStudioVersion = 17.4.33122.133
MinimumVisualStudioVersion = 10.0.40219.1
Project("{FAE04EC0-301F-11D3-BF4B-00C04F79EFBC}") = "ClientApplication", "ClientApplication\ClientApplication.csproj", "{59026C4C-CC84-4060-959E-46C757522AEF}"
EndProject
Global
	GlobalSection(SolutionConfigurationPlatforms) = preSolution
		Debug|Any CPU = Debug|Any CPU
		Release|Any CPU = Release|Any CPU
	EndGlobalSection
	GlobalSection(ProjectConfigurationPlatforms) = postSolution
		{59026C4C-CC84-4060-959E-46C757522AEF}.Debug|Any CPU.ActiveCfg = Debug|Any CPU
		{59026C4C-CC84-4060-959E-46C757522AEF}.Debug|Any CPU.Build.0 = Debug|Any CPU
		{59026C4C-CC84-4060-959E-46C757522AEF}.Release|Any CPU.ActiveCfg = Release|Any CPU
		{59026C4C-CC84-4060-959E-46C757522AEF}.Release|Any CPU.Build.0 = Release|Any CPU
	EndGlobalSection
	GlobalSection(SolutionProperties) = preSolution
		HideSolutionNode = FALSE
	EndGlobalSection
	GlobalSection(ExtensibilityGlobals) = postSolution
		SolutionGuid = {4E09CAF2-69AC-4607-9906-5D548D346E62}
	EndGlobalSection
EndGlobal
